
Microsoft Visual Studio Solution File, Format Version 12.00
# Visual Studio Version 17
VisualStudioVersion = 17.7.34221.43
MinimumVisualStudioVersion = 10.0.40219.1
Project("{FAE04EC0-301F-11D3-BF4B-00C04F79EFBC}") = "Grupboxkontorulu", "Grupboxkontorulu\Grupboxkontorulu.csproj", "{1F0B9B5E-67E0-4C3E-84C7-104A83B30BDF}"
EndProject
Global
	GlobalSection(SolutionConfigurationPlatforms) = preSolution
		Debug|Any CPU = Debug|Any CPU
		Release|Any CPU = Release|Any CPU
	EndGlobalSection
	GlobalSection(ProjectConfigurationPlatforms) = postSolution
		{1F0B9B5E-67E0-4C3E-84C7-104A83B30BDF}.Debug|Any CPU.ActiveCfg = Debug|Any CPU
		{1F0B9B5E-67E0-4C3E-84C7-104A83B30BDF}.Debug|Any CPU.Build.0 = Debug|Any CPU
		{1F0B9B5E-67E0-4C3E-84C7-104A83B30BDF}.Release|Any CPU.ActiveCfg = Release|Any CPU
		{1F0B9B5E-67E0-4C3E-84C7-104A83B30BDF}.Release|Any CPU.Build.0 = Release|Any CPU
	EndGlobalSection
	GlobalSection(SolutionProperties) = preSolution
		HideSolutionNode = FALSE
	EndGlobalSection
	GlobalSection(ExtensibilityGlobals) = postSolution
		SolutionGuid = {AE832BD6-BCE8-4248-8B41-B8FE7FB350A3}
	EndGlobalSection
EndGlobal
